
Microsoft Visual Studio Solution File, Format Version 12.00
# Visual Studio Version 17
VisualStudioVersion = 17.7.33619.493
MinimumVisualStudioVersion = 10.0.40219.1
Project("{FAE04EC0-301F-11D3-BF4B-00C04F79EFBC}") = "Test", "Test.csproj", "{53C1C27F-70F5-4EDF-B99B-6FE8374B473B}"
EndProject
Project("{2150E333-8FDC-42A3-9474-1A3956D46DE8}") = "Solution Items", "Solution Items", "{245B86B7-BF0B-4990-B38A-C7F7DA092C20}"
	ProjectSection(SolutionItems) = preProject
		.editorconfig = .editorconfig
	EndProjectSection
EndProject
Global
	GlobalSection(SolutionConfigurationPlatforms) = preSolution
		Debug|Any CPU = Debug|Any CPU
		Release|Any CPU = Release|Any CPU
	EndGlobalSection
	GlobalSection(ProjectConfigurationPlatforms) = postSolution
		{53C1C27F-70F5-4EDF-B99B-6FE8374B473B}.Debug|Any CPU.ActiveCfg = Debug|Any CPU
		{53C1C27F-70F5-4EDF-B99B-6FE8374B473B}.Debug|Any CPU.Build.0 = Debug|Any CPU
		{53C1C27F-70F5-4EDF-B99B-6FE8374B473B}.Release|Any CPU.ActiveCfg = Release|Any CPU
		{53C1C27F-70F5-4EDF-B99B-6FE8374B473B}.Release|Any CPU.Build.0 = Release|Any CPU
	EndGlobalSection
	GlobalSection(SolutionProperties) = preSolution
		HideSolutionNode = FALSE
	EndGlobalSection
	GlobalSection(ExtensibilityGlobals) = postSolution
		SolutionGuid = {CF1190FC-0534-4E1C-B297-FBDA0FD226E2}
	EndGlobalSection
EndGlobal
